
Microsoft Visual Studio Solution File, Format Version 12.00
# Visual Studio Version 16
VisualStudioVersion = 16.0.30204.135
MinimumVisualStudioVersion = 10.0.40219.1
Project("{FAE04EC0-301F-11D3-BF4B-00C04F79EFBC}") = "StajProje", "StajProje\StajProje.csproj", "{3911B7EF-A535-4E97-A501-FB3B2E993DB1}"
EndProject
Global
	GlobalSection(SolutionConfigurationPlatforms) = preSolution
		Debug|Any CPU = Debug|Any CPU
		Release|Any CPU = Release|Any CPU
	EndGlobalSection
	GlobalSection(ProjectConfigurationPlatforms) = postSolution
		{3911B7EF-A535-4E97-A501-FB3B2E993DB1}.Debug|Any CPU.ActiveCfg = Debug|Any CPU
		{3911B7EF-A535-4E97-A501-FB3B2E993DB1}.Debug|Any CPU.Build.0 = Debug|Any CPU
		{3911B7EF-A535-4E97-A501-FB3B2E993DB1}.Release|Any CPU.ActiveCfg = Release|Any CPU
		{3911B7EF-A535-4E97-A501-FB3B2E993DB1}.Release|Any CPU.Build.0 = Release|Any CPU
	EndGlobalSection
	GlobalSection(SolutionProperties) = preSolution
		HideSolutionNode = FALSE
	EndGlobalSection
	GlobalSection(ExtensibilityGlobals) = postSolution
		SolutionGuid = {FEA05DC5-3BE6-42A2-A070-365E710C9929}
	EndGlobalSection
EndGlobal
